
Microsoft Visual Studio Solution File, Format Version 12.00
# Visual Studio Version 17
VisualStudioVersion = 17.4.33213.308
MinimumVisualStudioVersion = 10.0.40219.1
Project("{FAE04EC0-301F-11D3-BF4B-00C04F79EFBC}") = "DeltatileSolver", "DeltatileSolver\DeltatileSolver.csproj", "{63F3C16E-5266-48B4-870A-893B2C8DCAC8}"
EndProject
Global
	GlobalSection(SolutionConfigurationPlatforms) = preSolution
		Debug|Any CPU = Debug|Any CPU
		Release|Any CPU = Release|Any CPU
	EndGlobalSection
	GlobalSection(ProjectConfigurationPlatforms) = postSolution
		{63F3C16E-5266-48B4-870A-893B2C8DCAC8}.Debug|Any CPU.ActiveCfg = Debug|Any CPU
		{63F3C16E-5266-48B4-870A-893B2C8DCAC8}.Debug|Any CPU.Build.0 = Debug|Any CPU
		{63F3C16E-5266-48B4-870A-893B2C8DCAC8}.Release|Any CPU.ActiveCfg = Release|Any CPU
		{63F3C16E-5266-48B4-870A-893B2C8DCAC8}.Release|Any CPU.Build.0 = Release|Any CPU
	EndGlobalSection
	GlobalSection(SolutionProperties) = preSolution
		HideSolutionNode = FALSE
	EndGlobalSection
	GlobalSection(ExtensibilityGlobals) = postSolution
		SolutionGuid = {8EC8DA14-5F08-499E-BBBF-386BB597293D}
	EndGlobalSection
EndGlobal
